// !$*UTF8*$!
{
	archiveVersion = 1;
	classes = {
	};
	objectVersion = 51;
	objects = {

/* Begin PBXBuildFile section */
		660BC7152499F2F100232337 /* TestScheduler+MarbleTests.swift in Sources */ = {isa = PBXBuildFile; fileRef = 660BC7142499F2F100232337 /* TestScheduler+MarbleTests.swift */; };
		660BC7182499FDCF00232337 /* README.md in Resources */ = {isa = PBXBuildFile; fileRef = 660BC7172499FDCF00232337 /* README.md */; };
		660BC72E249A001200232337 /* WeatherAppUITests.swift in Sources */ = {isa = PBXBuildFile; fileRef = 660BC72D249A001200232337 /* WeatherAppUITests.swift */; };
		66A01B662498AC28006E74AF /* WeatherModel.swift in Sources */ = {isa = PBXBuildFile; fileRef = 66A01B652498AC28006E74AF /* WeatherModel.swift */; };
		66A01B682498AE7C006E74AF /* WeatherRepository.swift in Sources */ = {isa = PBXBuildFile; fileRef = 66A01B672498AE7C006E74AF /* WeatherRepository.swift */; };
		66A01B6C2498B1D1006E74AF /* WeatherListViewController.swift in Sources */ = {isa = PBXBuildFile; fileRef = 66A01B6A2498B1D1006E74AF /* WeatherListViewController.swift */; };
		66A01B6F2498B2F3006E74AF /* WeatherListViewModel.swift in Sources */ = {isa = PBXBuildFile; fileRef = 66A01B6E2498B2F3006E74AF /* WeatherListViewModel.swift */; };
		66A01B722498B686006E74AF /* WeatherListTableViewCell.swift in Sources */ = {isa = PBXBuildFile; fileRef = 66A01B702498B686006E74AF /* WeatherListTableViewCell.swift */; };
		66A01B732498B686006E74AF /* WeatherListTableViewCell.xib in Resources */ = {isa = PBXBuildFile; fileRef = 66A01B712498B686006E74AF /* WeatherListTableViewCell.xib */; };
		66A01B762498B779006E74AF /* UIView+Extension.swift in Sources */ = {isa = PBXBuildFile; fileRef = 66A01B752498B779006E74AF /* UIView+Extension.swift */; };
		66A01B782498BE7E006E74AF /* WeatherListCellViewModel.swift in Sources */ = {isa = PBXBuildFile; fileRef = 66A01B772498BE7E006E74AF /* WeatherListCellViewModel.swift */; };
		66A01B7A2498CD39006E74AF /* WeatherListViewModelTests.swift in Sources */ = {isa = PBXBuildFile; fileRef = 66A01B792498CD39006E74AF /* WeatherListViewModelTests.swift */; };
		66A01B7C2498CD6C006E74AF /* WeatherListCellViewModelTests.swift in Sources */ = {isa = PBXBuildFile; fileRef = 66A01B7B2498CD6C006E74AF /* WeatherListCellViewModelTests.swift */; };
		66A01B7E2498CD95006E74AF /* WeatherRepositoryTests.swift in Sources */ = {isa = PBXBuildFile; fileRef = 66A01B7D2498CD95006E74AF /* WeatherRepositoryTests.swift */; };
		66A01B802498CDA4006E74AF /* WeatherAPITests.swift in Sources */ = {isa = PBXBuildFile; fileRef = 66A01B7F2498CDA4006E74AF /* WeatherAPITests.swift */; };
		66EF3D33249895A100FAE4D9 /* AppDelegate.swift in Sources */ = {isa = PBXBuildFile; fileRef = 66EF3D32249895A100FAE4D9 /* AppDelegate.swift */; };
		66EF3D3C249895A500FAE4D9 /* Assets.xcassets in Resources */ = {isa = PBXBuildFile; fileRef = 66EF3D3B249895A500FAE4D9 /* Assets.xcassets */; };
		66EF3D3F249895A500FAE4D9 /* LaunchScreen.storyboard in Resources */ = {isa = PBXBuildFile; fileRef = 66EF3D3D249895A500FAE4D9 /* LaunchScreen.storyboard */; };
		66EF3D5A24989B3200FAE4D9 /* WeatherAPI.swift in Sources */ = {isa = PBXBuildFile; fileRef = 66EF3D5924989B3200FAE4D9 /* WeatherAPI.swift */; };
		66EF3D5C24989C6600FAE4D9 /* WeatherRequest.swift in Sources */ = {isa = PBXBuildFile; fileRef = 66EF3D5B24989C6600FAE4D9 /* WeatherRequest.swift */; };
		7BBDD926CB3A472B0D820C78 /* Pods_WeatherAppTests.framework in Frameworks */ = {isa = PBXBuildFile; fileRef = E5967C78660748BFFAEEA53D /* Pods_WeatherAppTests.framework */; };
		C61B75891A529C98E0474220 /* Pods_WeatherApp.framework in Frameworks */ = {isa = PBXBuildFile; fileRef = 5529DC8BA42D8F3BF30119F2 /* Pods_WeatherApp.framework */; };
/* End PBXBuildFile section */

/* Begin PBXContainerItemProxy section */
		660BC730249A001200232337 /* PBXContainerItemProxy */ = {
			isa = PBXContainerItemProxy;
			containerPortal = 66EF3D27249895A100FAE4D9 /* Project object */;
			proxyType = 1;
			remoteGlobalIDString = 66EF3D2E249895A100FAE4D9;
			remoteInfo = WeatherApp;
		};
		66EF3D46249895A500FAE4D9 /* PBXContainerItemProxy */ = {
			isa = PBXContainerItemProxy;
			containerPortal = 66EF3D27249895A100FAE4D9 /* Project object */;
			proxyType = 1;
			remoteGlobalIDString = 66EF3D2E249895A100FAE4D9;
			remoteInfo = WeatherApp;
		};
/* End PBXContainerItemProxy section */

/* Begin PBXFileReference section */
		5529DC8BA42D8F3BF30119F2 /* Pods_WeatherApp.framework */ = {isa = PBXFileReference; explicitFileType = wrapper.framework; includeInIndex = 0; path = Pods_WeatherApp.framework; sourceTree = BUILT_PRODUCTS_DIR; };
		660BC7142499F2F100232337 /* TestScheduler+MarbleTests.swift */ = {isa = PBXFileReference; fileEncoding = 4; lastKnownFileType = sourcecode.swift; path = "TestScheduler+MarbleTests.swift"; sourceTree = "<group>"; };
		660BC7172499FDCF00232337 /* README.md */ = {isa = PBXFileReference; fileEncoding = 4; lastKnownFileType = net.daringfireball.markdown; path = README.md; sourceTree = SOURCE_ROOT; };
		660BC72B249A001200232337 /* WeatherAppUITests.xctest */ = {isa = PBXFileReference; explicitFileType = wrapper.cfbundle; includeInIndex = 0; path = WeatherAppUITests.xctest; sourceTree = BUILT_PRODUCTS_DIR; };
		660BC72D249A001200232337 /* WeatherAppUITests.swift */ = {isa = PBXFileReference; lastKnownFileType = sourcecode.swift; path = WeatherAppUITests.swift; sourceTree = "<group>"; };
		660BC72F249A001200232337 /* Info.plist */ = {isa = PBXFileReference; lastKnownFileType = text.plist.xml; path = Info.plist; sourceTree = "<group>"; };
		66A01B652498AC28006E74AF /* WeatherModel.swift */ = {isa = PBXFileReference; lastKnownFileType = sourcecode.swift; path = WeatherModel.swift; sourceTree = "<group>"; };
		66A01B672498AE7C006E74AF /* WeatherRepository.swift */ = {isa = PBXFileReference; lastKnownFileType = sourcecode.swift; path = WeatherRepository.swift; sourceTree = "<group>"; };
		66A01B6A2498B1D1006E74AF /* WeatherListViewController.swift */ = {isa = PBXFileReference; lastKnownFileType = sourcecode.swift; path = WeatherListViewController.swift; sourceTree = "<group>"; };
		66A01B6E2498B2F3006E74AF /* WeatherListViewModel.swift */ = {isa = PBXFileReference; lastKnownFileType = sourcecode.swift; path = WeatherListViewModel.swift; sourceTree = "<group>"; };
		66A01B702498B686006E74AF /* WeatherListTableViewCell.swift */ = {isa = PBXFileReference; lastKnownFileType = sourcecode.swift; path = WeatherListTableViewCell.swift; sourceTree = "<group>"; };
		66A01B712498B686006E74AF /* WeatherListTableViewCell.xib */ = {isa = PBXFileReference; lastKnownFileType = file.xib; path = WeatherListTableViewCell.xib; sourceTree = "<group>"; };
		66A01B752498B779006E74AF /* UIView+Extension.swift */ = {isa = PBXFileReference; lastKnownFileType = sourcecode.swift; path = "UIView+Extension.swift"; sourceTree = "<group>"; };
		66A01B772498BE7E006E74AF /* WeatherListCellViewModel.swift */ = {isa = PBXFileReference; lastKnownFileType = sourcecode.swift; path = WeatherListCellViewModel.swift; sourceTree = "<group>"; };
		66A01B792498CD39006E74AF /* WeatherListViewModelTests.swift */ = {isa = PBXFileReference; lastKnownFileType = sourcecode.swift; path = WeatherListViewModelTests.swift; sourceTree = "<group>"; };
		66A01B7B2498CD6C006E74AF /* WeatherListCellViewModelTests.swift */ = {isa = PBXFileReference; lastKnownFileType = sourcecode.swift; path = WeatherListCellViewModelTests.swift; sourceTree = "<group>"; };
		66A01B7D2498CD95006E74AF /* WeatherRepositoryTests.swift */ = {isa = PBXFileReference; lastKnownFileType = sourcecode.swift; path = WeatherRepositoryTests.swift; sourceTree = "<group>"; };
		66A01B7F2498CDA4006E74AF /* WeatherAPITests.swift */ = {isa = PBXFileReference; lastKnownFileType = sourcecode.swift; path = WeatherAPITests.swift; sourceTree = "<group>"; };
		66EF3D2F249895A100FAE4D9 /* WeatherApp.app */ = {isa = PBXFileReference; explicitFileType = wrapper.application; includeInIndex = 0; path = WeatherApp.app; sourceTree = BUILT_PRODUCTS_DIR; };
		66EF3D32249895A100FAE4D9 /* AppDelegate.swift */ = {isa = PBXFileReference; lastKnownFileType = sourcecode.swift; path = AppDelegate.swift; sourceTree = "<group>"; };
		66EF3D3B249895A500FAE4D9 /* Assets.xcassets */ = {isa = PBXFileReference; lastKnownFileType = folder.assetcatalog; path = Assets.xcassets; sourceTree = "<group>"; };
		66EF3D3E249895A500FAE4D9 /* Base */ = {isa = PBXFileReference; lastKnownFileType = file.storyboard; name = Base; path = Base.lproj/LaunchScreen.storyboard; sourceTree = "<group>"; };
		66EF3D40249895A500FAE4D9 /* Info.plist */ = {isa = PBXFileReference; lastKnownFileType = text.plist.xml; path = Info.plist; sourceTree = "<group>"; };
		66EF3D45249895A500FAE4D9 /* WeatherAppTests.xctest */ = {isa = PBXFileReference; explicitFileType = wrapper.cfbundle; includeInIndex = 0; path = WeatherAppTests.xctest; sourceTree = BUILT_PRODUCTS_DIR; };
		66EF3D4B249895A500FAE4D9 /* Info.plist */ = {isa = PBXFileReference; lastKnownFileType = text.plist.xml; path = Info.plist; sourceTree = "<group>"; };
		66EF3D5924989B3200FAE4D9 /* WeatherAPI.swift */ = {isa = PBXFileReference; fileEncoding = 4; lastKnownFileType = sourcecode.swift; path = WeatherAPI.swift; sourceTree = "<group>"; };
		66EF3D5B24989C6600FAE4D9 /* WeatherRequest.swift */ = {isa = PBXFileReference; lastKnownFileType = sourcecode.swift; path = WeatherRequest.swift; sourceTree = "<group>"; };
		6DE64F3746B37173663FD408 /* Pods-WeatherApp.debug.xcconfig */ = {isa = PBXFileReference; includeInIndex = 1; lastKnownFileType = text.xcconfig; name = "Pods-WeatherApp.debug.xcconfig"; path = "Target Support Files/Pods-WeatherApp/Pods-WeatherApp.debug.xcconfig"; sourceTree = "<group>"; };
		71FFE96D73E223D9AE8F1F31 /* Pods-WeatherAppTests.release.xcconfig */ = {isa = PBXFileReference; includeInIndex = 1; lastKnownFileType = text.xcconfig; name = "Pods-WeatherAppTests.release.xcconfig"; path = "Target Support Files/Pods-WeatherAppTests/Pods-WeatherAppTests.release.xcconfig"; sourceTree = "<group>"; };
		977326BC0B4162F2241FCDA0 /* Pods-WeatherApp.release.xcconfig */ = {isa = PBXFileReference; includeInIndex = 1; lastKnownFileType = text.xcconfig; name = "Pods-WeatherApp.release.xcconfig"; path = "Target Support Files/Pods-WeatherApp/Pods-WeatherApp.release.xcconfig"; sourceTree = "<group>"; };
		DC04459A97EC22D615CCC33E /* Pods-WeatherAppTests.debug.xcconfig */ = {isa = PBXFileReference; includeInIndex = 1; lastKnownFileType = text.xcconfig; name = "Pods-WeatherAppTests.debug.xcconfig"; path = "Target Support Files/Pods-WeatherAppTests/Pods-WeatherAppTests.debug.xcconfig"; sourceTree = "<group>"; };
		E5967C78660748BFFAEEA53D /* Pods_WeatherAppTests.framework */ = {isa = PBXFileReference; explicitFileType = wrapper.framework; includeInIndex = 0; path = Pods_WeatherAppTests.framework; sourceTree = BUILT_PRODUCTS_DIR; };
/* End PBXFileReference section */

/* Begin PBXFrameworksBuildPhase section */
		660BC728249A001200232337 /* Frameworks */ = {
			isa = PBXFrameworksBuildPhase;
			buildActionMask = 2147483647;
			files = (
			);
			runOnlyForDeploymentPostprocessing = 0;
		};
		66EF3D2C249895A100FAE4D9 /* Frameworks */ = {
			isa = PBXFrameworksBuildPhase;
			buildActionMask = 2147483647;
			files = (
				C61B75891A529C98E0474220 /* Pods_WeatherApp.framework in Frameworks */,
			);
			runOnlyForDeploymentPostprocessing = 0;
		};
		66EF3D42249895A500FAE4D9 /* Frameworks */ = {
			isa = PBXFrameworksBuildPhase;
			buildActionMask = 2147483647;
			files = (
				7BBDD926CB3A472B0D820C78 /* Pods_WeatherAppTests.framework in Frameworks */,
			);
			runOnlyForDeploymentPostprocessing = 0;
		};
/* End PBXFrameworksBuildPhase section */

/* Begin PBXGroup section */
		660BC72C249A001200232337 /* WeatherAppUITests */ = {
			isa = PBXGroup;
			children = (
				660BC72D249A001200232337 /* WeatherAppUITests.swift */,
				660BC72F249A001200232337 /* Info.plist */,
			);
			path = WeatherAppUITests;
			sourceTree = "<group>";
		};
		66A01B692498B1B0006E74AF /* WeatherList */ = {
			isa = PBXGroup;
			children = (
				66A01B6A2498B1D1006E74AF /* WeatherListViewController.swift */,
				66A01B6E2498B2F3006E74AF /* WeatherListViewModel.swift */,
				66A01B772498BE7E006E74AF /* WeatherListCellViewModel.swift */,
				66A01B702498B686006E74AF /* WeatherListTableViewCell.swift */,
				66A01B712498B686006E74AF /* WeatherListTableViewCell.xib */,
			);
			path = WeatherList;
			sourceTree = "<group>";
		};
		66A01B742498B76C006E74AF /* Helper */ = {
			isa = PBXGroup;
			children = (
				66A01B752498B779006E74AF /* UIView+Extension.swift */,
			);
			path = Helper;
			sourceTree = "<group>";
		};
		66EF3D26249895A100FAE4D9 = {
			isa = PBXGroup;
			children = (
				66EF3D31249895A100FAE4D9 /* WeatherApp */,
				66EF3D48249895A500FAE4D9 /* WeatherAppTests */,
				660BC72C249A001200232337 /* WeatherAppUITests */,
				66EF3D30249895A100FAE4D9 /* Products */,
				767EF8AE1CFB4116AC4AF4F7 /* Pods */,
				ABF9A5C543F2EC56E7435842 /* Frameworks */,
			);
			sourceTree = "<group>";
		};
		66EF3D30249895A100FAE4D9 /* Products */ = {
			isa = PBXGroup;
			children = (
				66EF3D2F249895A100FAE4D9 /* WeatherApp.app */,
				66EF3D45249895A500FAE4D9 /* WeatherAppTests.xctest */,
				660BC72B249A001200232337 /* WeatherAppUITests.xctest */,
			);
			name = Products;
			sourceTree = "<group>";
		};
		66EF3D31249895A100FAE4D9 /* WeatherApp */ = {
			isa = PBXGroup;
			children = (
				660BC7172499FDCF00232337 /* README.md */,
				66A01B742498B76C006E74AF /* Helper */,
				66EF3D5824989B3200FAE4D9 /* Networking */,
				66EF3D5424989AB800FAE4D9 /* Model */,
				66A01B692498B1B0006E74AF /* WeatherList */,
				66EF3D32249895A100FAE4D9 /* AppDelegate.swift */,
				66EF3D3B249895A500FAE4D9 /* Assets.xcassets */,
				66EF3D3D249895A500FAE4D9 /* LaunchScreen.storyboard */,
				66EF3D40249895A500FAE4D9 /* Info.plist */,
			);
			path = WeatherApp;
			sourceTree = "<group>";
		};
		66EF3D48249895A500FAE4D9 /* WeatherAppTests */ = {
			isa = PBXGroup;
			children = (
				660BC7142499F2F100232337 /* TestScheduler+MarbleTests.swift */,
				66A01B792498CD39006E74AF /* WeatherListViewModelTests.swift */,
				66A01B7B2498CD6C006E74AF /* WeatherListCellViewModelTests.swift */,
				66A01B7D2498CD95006E74AF /* WeatherRepositoryTests.swift */,
				66A01B7F2498CDA4006E74AF /* WeatherAPITests.swift */,
				66EF3D4B249895A500FAE4D9 /* Info.plist */,
			);
			path = WeatherAppTests;
			sourceTree = "<group>";
		};
		66EF3D5424989AB800FAE4D9 /* Model */ = {
			isa = PBXGroup;
			children = (
				66A01B652498AC28006E74AF /* WeatherModel.swift */,
			);
			path = Model;
			sourceTree = "<group>";
		};
		66EF3D5824989B3200FAE4D9 /* Networking */ = {
			isa = PBXGroup;
			children = (
				66EF3D5924989B3200FAE4D9 /* WeatherAPI.swift */,
				66EF3D5B24989C6600FAE4D9 /* WeatherRequest.swift */,
				66A01B672498AE7C006E74AF /* WeatherRepository.swift */,
			);
			path = Networking;
			sourceTree = "<group>";
		};
		767EF8AE1CFB4116AC4AF4F7 /* Pods */ = {
			isa = PBXGroup;
			children = (
				6DE64F3746B37173663FD408 /* Pods-WeatherApp.debug.xcconfig */,
				977326BC0B4162F2241FCDA0 /* Pods-WeatherApp.release.xcconfig */,
				DC04459A97EC22D615CCC33E /* Pods-WeatherAppTests.debug.xcconfig */,
				71FFE96D73E223D9AE8F1F31 /* Pods-WeatherAppTests.release.xcconfig */,
			);
			path = Pods;
			sourceTree = "<group>";
		};
		ABF9A5C543F2EC56E7435842 /* Frameworks */ = {
			isa = PBXGroup;
			children = (
				5529DC8BA42D8F3BF30119F2 /* Pods_WeatherApp.framework */,
				E5967C78660748BFFAEEA53D /* Pods_WeatherAppTests.framework */,
			);
			name = Frameworks;
			sourceTree = "<group>";
		};
/* End PBXGroup section */

/* Begin PBXNativeTarget section */
		660BC72A249A001200232337 /* WeatherAppUITests */ = {
			isa = PBXNativeTarget;
			buildConfigurationList = 660BC734249A001200232337 /* Build configuration list for PBXNativeTarget "WeatherAppUITests" */;
			buildPhases = (
				660BC727249A001200232337 /* Sources */,
				660BC728249A001200232337 /* Frameworks */,
				660BC729249A001200232337 /* Resources */,
			);
			buildRules = (
			);
			dependencies = (
				660BC731249A001200232337 /* PBXTargetDependency */,
			);
			name = WeatherAppUITests;
			productName = WeatherAppUITests;
			productReference = 660BC72B249A001200232337 /* WeatherAppUITests.xctest */;
			productType = "com.apple.product-type.bundle.ui-testing";
		};
		66EF3D2E249895A100FAE4D9 /* WeatherApp */ = {
			isa = PBXNativeTarget;
			buildConfigurationList = 66EF3D4E249895A500FAE4D9 /* Build configuration list for PBXNativeTarget "WeatherApp" */;
			buildPhases = (
				75F347BE41F00641D66EF44B /* [CP] Check Pods Manifest.lock */,
				66EF3D2B249895A100FAE4D9 /* Sources */,
				66EF3D2C249895A100FAE4D9 /* Frameworks */,
				66EF3D2D249895A100FAE4D9 /* Resources */,
				A46081C6BF971EE8A6327E62 /* [CP] Embed Pods Frameworks */,
			);
			buildRules = (
			);
			dependencies = (
			);
			name = WeatherApp;
			productName = WeatherApp;
			productReference = 66EF3D2F249895A100FAE4D9 /* WeatherApp.app */;
			productType = "com.apple.product-type.application";
		};
		66EF3D44249895A500FAE4D9 /* WeatherAppTests */ = {
			isa = PBXNativeTarget;
			buildConfigurationList = 66EF3D51249895A500FAE4D9 /* Build configuration list for PBXNativeTarget "WeatherAppTests" */;
			buildPhases = (
				5A68B07A1EC2DC1CF34EE9D4 /* [CP] Check Pods Manifest.lock */,
				66EF3D41249895A500FAE4D9 /* Sources */,
				66EF3D42249895A500FAE4D9 /* Frameworks */,
				66EF3D43249895A500FAE4D9 /* Resources */,
				9A81537AA11DB79999AE4ED5 /* [CP] Embed Pods Frameworks */,
			);
			buildRules = (
			);
			dependencies = (
				66EF3D47249895A500FAE4D9 /* PBXTargetDependency */,
			);
			name = WeatherAppTests;
			productName = WeatherAppTests;
			productReference = 66EF3D45249895A500FAE4D9 /* WeatherAppTests.xctest */;
			productType = "com.apple.product-type.bundle.unit-test";
		};
/* End PBXNativeTarget section */

/* Begin PBXProject section */
		66EF3D27249895A100FAE4D9 /* Project object */ = {
			isa = PBXProject;
			attributes = {
				LastSwiftUpdateCheck = 1150;
				LastUpgradeCheck = 1150;
				ORGANIZATIONNAME = "Phat Chiem";
				TargetAttributes = {
					660BC72A249A001200232337 = {
						CreatedOnToolsVersion = 11.5;
						TestTargetID = 66EF3D2E249895A100FAE4D9;
					};
					66EF3D2E249895A100FAE4D9 = {
						CreatedOnToolsVersion = 11.5;
					};
					66EF3D44249895A500FAE4D9 = {
						CreatedOnToolsVersion = 11.5;
						TestTargetID = 66EF3D2E249895A100FAE4D9;
					};
				};
			};
			buildConfigurationList = 66EF3D2A249895A100FAE4D9 /* Build configuration list for PBXProject "WeatherApp" */;
			compatibilityVersion = "Xcode 9.3";
			developmentRegion = en;
			hasScannedForEncodings = 0;
			knownRegions = (
				en,
				Base,
			);
			mainGroup = 66EF3D26249895A100FAE4D9;
			productRefGroup = 66EF3D30249895A100FAE4D9 /* Products */;
			projectDirPath = "";
			projectRoot = "";
			targets = (
				66EF3D2E249895A100FAE4D9 /* WeatherApp */,
				66EF3D44249895A500FAE4D9 /* WeatherAppTests */,
				660BC72A249A001200232337 /* WeatherAppUITests */,
			);
		};
/* End PBXProject section */

/* Begin PBXResourcesBuildPhase section */
		660BC729249A001200232337 /* Resources */ = {
			isa = PBXResourcesBuildPhase;
			buildActionMask = 2147483647;
			files = (
			);
			runOnlyForDeploymentPostprocessing = 0;
		};
		66EF3D2D249895A100FAE4D9 /* Resources */ = {
			isa = PBXResourcesBuildPhase;
			buildActionMask = 2147483647;
			files = (
				66EF3D3F249895A500FAE4D9 /* LaunchScreen.storyboard in Resources */,
				66A01B732498B686006E74AF /* WeatherListTableViewCell.xib in Resources */,
				660BC7182499FDCF00232337 /* README.md in Resources */,
				66EF3D3C249895A500FAE4D9 /* Assets.xcassets in Resources */,
			);
			runOnlyForDeploymentPostprocessing = 0;
		};
		66EF3D43249895A500FAE4D9 /* Resources */ = {
			isa = PBXResourcesBuildPhase;
			buildActionMask = 2147483647;
			files = (
			);
			runOnlyForDeploymentPostprocessing = 0;
		};
/* End PBXResourcesBuildPhase section */

/* Begin PBXShellScriptBuildPhase section */
		5A68B07A1EC2DC1CF34EE9D4 /* [CP] Check Pods Manifest.lock */ = {
			isa = PBXShellScriptBuildPhase;
			buildActionMask = 2147483647;
			files = (
			);
			inputFileListPaths = (
			);
			inputPaths = (
				"${PODS_PODFILE_DIR_PATH}/Podfile.lock",
				"${PODS_ROOT}/Manifest.lock",
			);
			name = "[CP] Check Pods Manifest.lock";
			outputFileListPaths = (
			);
			outputPaths = (
				"$(DERIVED_FILE_DIR)/Pods-WeatherAppTests-checkManifestLockResult.txt",
			);
			runOnlyForDeploymentPostprocessing = 0;
			shellPath = /bin/sh;
			shellScript = "diff \"${PODS_PODFILE_DIR_PATH}/Podfile.lock\" \"${PODS_ROOT}/Manifest.lock\" > /dev/null\nif [ $? != 0 ] ; then\n    # print error to STDERR\n    echo \"error: The sandbox is not in sync with the Podfile.lock. Run 'pod install' or update your CocoaPods installation.\" >&2\n    exit 1\nfi\n# This output is used by Xcode 'outputs' to avoid re-running this script phase.\necho \"SUCCESS\" > \"${SCRIPT_OUTPUT_FILE_0}\"\n";
			showEnvVarsInLog = 0;
		};
		75F347BE41F00641D66EF44B /* [CP] Check Pods Manifest.lock */ = {
			isa = PBXShellScriptBuildPhase;
			buildActionMask = 2147483647;
			files = (
			);
			inputFileListPaths = (
			);
			inputPaths = (
				"${PODS_PODFILE_DIR_PATH}/Podfile.lock",
				"${PODS_ROOT}/Manifest.lock",
			);
			name = "[CP] Check Pods Manifest.lock";
			outputFileListPaths = (
			);
			outputPaths = (
				"$(DERIVED_FILE_DIR)/Pods-WeatherApp-checkManifestLockResult.txt",
			);
			runOnlyForDeploymentPostprocessing = 0;
			shellPath = /bin/sh;
			shellScript = "diff \"${PODS_PODFILE_DIR_PATH}/Podfile.lock\" \"${PODS_ROOT}/Manifest.lock\" > /dev/null\nif [ $? != 0 ] ; then\n    # print error to STDERR\n    echo \"error: The sandbox is not in sync with the Podfile.lock. Run 'pod install' or update your CocoaPods installation.\" >&2\n    exit 1\nfi\n# This output is used by Xcode 'outputs' to avoid re-running this script phase.\necho \"SUCCESS\" > \"${SCRIPT_OUTPUT_FILE_0}\"\n";
			showEnvVarsInLog = 0;
		};
		9A81537AA11DB79999AE4ED5 /* [CP] Embed Pods Frameworks */ = {
			isa = PBXShellScriptBuildPhase;
			buildActionMask = 2147483647;
			files = (
			);
			inputFileListPaths = (
				"${PODS_ROOT}/Target Support Files/Pods-WeatherAppTests/Pods-WeatherAppTests-frameworks-${CONFIGURATION}-input-files.xcfilelist",
			);
			name = "[CP] Embed Pods Frameworks";
			outputFileListPaths = (
				"${PODS_ROOT}/Target Support Files/Pods-WeatherAppTests/Pods-WeatherAppTests-frameworks-${CONFIGURATION}-output-files.xcfilelist",
			);
			runOnlyForDeploymentPostprocessing = 0;
			shellPath = /bin/sh;
			shellScript = "\"${PODS_ROOT}/Target Support Files/Pods-WeatherAppTests/Pods-WeatherAppTests-frameworks.sh\"\n";
			showEnvVarsInLog = 0;
		};
		A46081C6BF971EE8A6327E62 /* [CP] Embed Pods Frameworks */ = {
			isa = PBXShellScriptBuildPhase;
			buildActionMask = 2147483647;
			files = (
			);
			inputFileListPaths = (
				"${PODS_ROOT}/Target Support Files/Pods-WeatherApp/Pods-WeatherApp-frameworks-${CONFIGURATION}-input-files.xcfilelist",
			);
			name = "[CP] Embed Pods Frameworks";
			outputFileListPaths = (
				"${PODS_ROOT}/Target Support Files/Pods-WeatherApp/Pods-WeatherApp-frameworks-${CONFIGURATION}-output-files.xcfilelist",
			);
			runOnlyForDeploymentPostprocessing = 0;
			shellPath = /bin/sh;
			shellScript = "\"${PODS_ROOT}/Target Support Files/Pods-WeatherApp/Pods-WeatherApp-frameworks.sh\"\n";
			showEnvVarsInLog = 0;
		};
/* End PBXShellScriptBuildPhase section */

/* Begin PBXSourcesBuildPhase section */
		660BC727249A001200232337 /* Sources */ = {
			isa = PBXSourcesBuildPhase;
			buildActionMask = 2147483647;
			files = (
				660BC72E249A001200232337 /* WeatherAppUITests.swift in Sources */,
			);
			runOnlyForDeploymentPostprocessing = 0;
		};
		66EF3D2B249895A100FAE4D9 /* Sources */ = {
			isa = PBXSourcesBuildPhase;
			buildActionMask = 2147483647;
			files = (
				66A01B682498AE7C006E74AF /* WeatherRepository.swift in Sources */,
				66EF3D33249895A100FAE4D9 /* AppDelegate.swift in Sources */,
				66A01B722498B686006E74AF /* WeatherListTableViewCell.swift in Sources */,
				66A01B782498BE7E006E74AF /* WeatherListCellViewModel.swift in Sources */,
				66EF3D5C24989C6600FAE4D9 /* WeatherRequest.swift in Sources */,
				66A01B6C2498B1D1006E74AF /* WeatherListViewController.swift in Sources */,
				66A01B6F2498B2F3006E74AF /* WeatherListViewModel.swift in Sources */,
				66A01B662498AC28006E74AF /* WeatherModel.swift in Sources */,
				66A01B762498B779006E74AF /* UIView+Extension.swift in Sources */,
				66EF3D5A24989B3200FAE4D9 /* WeatherAPI.swift in Sources */,
			);
			runOnlyForDeploymentPostprocessing = 0;
		};
		66EF3D41249895A500FAE4D9 /* Sources */ = {
			isa = PBXSourcesBuildPhase;
			buildActionMask = 2147483647;
			files = (
				66A01B7E2498CD95006E74AF /* WeatherRepositoryTests.swift in Sources */,
				660BC7152499F2F100232337 /* TestScheduler+MarbleTests.swift in Sources */,
				66A01B802498CDA4006E74AF /* WeatherAPITests.swift in Sources */,
				66A01B7A2498CD39006E74AF /* WeatherListViewModelTests.swift in Sources */,
				66A01B7C2498CD6C006E74AF /* WeatherListCellViewModelTests.swift in Sources */,
			);
			runOnlyForDeploymentPostprocessing = 0;
		};
/* End PBXSourcesBuildPhase section */

/* Begin PBXTargetDependency section */
		660BC731249A001200232337 /* PBXTargetDependency */ = {
			isa = PBXTargetDependency;
			target = 66EF3D2E249895A100FAE4D9 /* WeatherApp */;
			targetProxy = 660BC730249A001200232337 /* PBXContainerItemProxy */;
		};
		66EF3D47249895A500FAE4D9 /* PBXTargetDependency */ = {
			isa = PBXTargetDependency;
			target = 66EF3D2E249895A100FAE4D9 /* WeatherApp */;
			targetProxy = 66EF3D46249895A500FAE4D9 /* PBXContainerItemProxy */;
		};
/* End PBXTargetDependency section */

/* Begin PBXVariantGroup section */
		66EF3D3D249895A500FAE4D9 /* LaunchScreen.storyboard */ = {
			isa = PBXVariantGroup;
			children = (
				66EF3D3E249895A500FAE4D9 /* Base */,
			);
			name = LaunchScreen.storyboard;
			sourceTree = "<group>";
		};
/* End PBXVariantGroup section */

/* Begin XCBuildConfiguration section */
		660BC732249A001200232337 /* Debug */ = {
			isa = XCBuildConfiguration;
			buildSettings = {
				CODE_SIGN_STYLE = Automatic;
				DEVELOPMENT_TEAM = MBD2P239Y6;
				INFOPLIST_FILE = WeatherAppUITests/Info.plist;
				LD_RUNPATH_SEARCH_PATHS = (
					"$(inherited)",
					"@executable_path/Frameworks",
					"@loader_path/Frameworks",
				);
				PRODUCT_BUNDLE_IDENTIFIER = vn.phatchiem.WeatherAppUITests;
				PRODUCT_NAME = "$(TARGET_NAME)";
				SWIFT_VERSION = 5.0;
				TARGETED_DEVICE_FAMILY = "1,2";
				TEST_TARGET_NAME = WeatherApp;
			};
			name = Debug;
		};
		660BC733249A001200232337 /* Release */ = {
			isa = XCBuildConfiguration;
			buildSettings = {
				CODE_SIGN_STYLE = Automatic;
				DEVELOPMENT_TEAM = MBD2P239Y6;
				INFOPLIST_FILE = WeatherAppUITests/Info.plist;
				LD_RUNPATH_SEARCH_PATHS = (
					"$(inherited)",
					"@executable_path/Frameworks",
					"@loader_path/Frameworks",
				);
				PRODUCT_BUNDLE_IDENTIFIER = vn.phatchiem.WeatherAppUITests;
				PRODUCT_NAME = "$(TARGET_NAME)";
				SWIFT_VERSION = 5.0;
				TARGETED_DEVICE_FAMILY = "1,2";
				TEST_TARGET_NAME = WeatherApp;
			};
			name = Release;
		};
		66EF3D4C249895A500FAE4D9 /* Debug */ = {
			isa = XCBuildConfiguration;
			buildSettings = {
				ALWAYS_SEARCH_USER_PATHS = NO;
				CLANG_ANALYZER_NONNULL = YES;
				CLANG_ANALYZER_NUMBER_OBJECT_CONVERSION = YES_AGGRESSIVE;
				CLANG_CXX_LANGUAGE_STANDARD = "gnu++14";
				CLANG_CXX_LIBRARY = "libc++";
				CLANG_ENABLE_MODULES = YES;
				CLANG_ENABLE_OBJC_ARC = YES;
				CLANG_ENABLE_OBJC_WEAK = YES;
				CLANG_WARN_BLOCK_CAPTURE_AUTORELEASING = YES;
				CLANG_WARN_BOOL_CONVERSION = YES;
				CLANG_WARN_COMMA = YES;
				CLANG_WARN_CONSTANT_CONVERSION = YES;
				CLANG_WARN_DEPRECATED_OBJC_IMPLEMENTATIONS = YES;
				CLANG_WARN_DIRECT_OBJC_ISA_USAGE = YES_ERROR;
				CLANG_WARN_DOCUMENTATION_COMMENTS = YES;
				CLANG_WARN_EMPTY_BODY = YES;
				CLANG_WARN_ENUM_CONVERSION = YES;
				CLANG_WARN_INFINITE_RECURSION = YES;
				CLANG_WARN_INT_CONVERSION = YES;
				CLANG_WARN_NON_LITERAL_NULL_CONVERSION = YES;
				CLANG_WARN_OBJC_IMPLICIT_RETAIN_SELF = YES;
				CLANG_WARN_OBJC_LITERAL_CONVERSION = YES;
				CLANG_WARN_OBJC_ROOT_CLASS = YES_ERROR;
				CLANG_WARN_RANGE_LOOP_ANALYSIS = YES;
				CLANG_WARN_STRICT_PROTOTYPES = YES;
				CLANG_WARN_SUSPICIOUS_MOVE = YES;
				CLANG_WARN_UNGUARDED_AVAILABILITY = YES_AGGRESSIVE;
				CLANG_WARN_UNREACHABLE_CODE = YES;
				CLANG_WARN__DUPLICATE_METHOD_MATCH = YES;
				COPY_PHASE_STRIP = NO;
				DEBUG_INFORMATION_FORMAT = dwarf;
				ENABLE_STRICT_OBJC_MSGSEND = YES;
				ENABLE_TESTABILITY = YES;
				GCC_C_LANGUAGE_STANDARD = gnu11;
				GCC_DYNAMIC_NO_PIC = NO;
				GCC_NO_COMMON_BLOCKS = YES;
				GCC_OPTIMIZATION_LEVEL = 0;
				GCC_PREPROCESSOR_DEFINITIONS = (
					"DEBUG=1",
					"$(inherited)",
				);
				GCC_WARN_64_TO_32_BIT_CONVERSION = YES;
				GCC_WARN_ABOUT_RETURN_TYPE = YES_ERROR;
				GCC_WARN_UNDECLARED_SELECTOR = YES;
				GCC_WARN_UNINITIALIZED_AUTOS = YES_AGGRESSIVE;
				GCC_WARN_UNUSED_FUNCTION = YES;
				GCC_WARN_UNUSED_VARIABLE = YES;
				IPHONEOS_DEPLOYMENT_TARGET = 13.5;
				MTL_ENABLE_DEBUG_INFO = INCLUDE_SOURCE;
				MTL_FAST_MATH = YES;
				ONLY_ACTIVE_ARCH = YES;
				SDKROOT = iphoneos;
				SWIFT_ACTIVE_COMPILATION_CONDITIONS = DEBUG;
				SWIFT_OPTIMIZATION_LEVEL = "-Onone";
			};
			name = Debug;
		};
		66EF3D4D249895A500FAE4D9 /* Release */ = {
			isa = XCBuildConfiguration;
			buildSettings = {
				ALWAYS_SEARCH_USER_PATHS = NO;
				CLANG_ANALYZER_NONNULL = YES;
				CLANG_ANALYZER_NUMBER_OBJECT_CONVERSION = YES_AGGRESSIVE;
				CLANG_CXX_LANGUAGE_STANDARD = "gnu++14";
				CLANG_CXX_LIBRARY = "libc++";
				CLANG_ENABLE_MODULES = YES;
				CLANG_ENABLE_OBJC_ARC = YES;
				CLANG_ENABLE_OBJC_WEAK = YES;
				CLANG_WARN_BLOCK_CAPTURE_AUTORELEASING = YES;
				CLANG_WARN_BOOL_CONVERSION = YES;
				CLANG_WARN_COMMA = YES;
				CLANG_WARN_CONSTANT_CONVERSION = YES;
				CLANG_WARN_DEPRECATED_OBJC_IMPLEMENTATIONS = YES;
				CLANG_WARN_DIRECT_OBJC_ISA_USAGE = YES_ERROR;
				CLANG_WARN_DOCUMENTATION_COMMENTS = YES;
				CLANG_WARN_EMPTY_BODY = YES;
				CLANG_WARN_ENUM_CONVERSION = YES;
				CLANG_WARN_INFINITE_RECURSION = YES;
				CLANG_WARN_INT_CONVERSION = YES;
				CLANG_WARN_NON_LITERAL_NULL_CONVERSION = YES;
				CLANG_WARN_OBJC_IMPLICIT_RETAIN_SELF = YES;
				CLANG_WARN_OBJC_LITERAL_CONVERSION = YES;
				CLANG_WARN_OBJC_ROOT_CLASS = YES_ERROR;
				CLANG_WARN_RANGE_LOOP_ANALYSIS = YES;
				CLANG_WARN_STRICT_PROTOTYPES = YES;
				CLANG_WARN_SUSPICIOUS_MOVE = YES;
				CLANG_WARN_UNGUARDED_AVAILABILITY = YES_AGGRESSIVE;
				CLANG_WARN_UNREACHABLE_CODE = YES;
				CLANG_WARN__DUPLICATE_METHOD_MATCH = YES;
				COPY_PHASE_STRIP = NO;
				DEBUG_INFORMATION_FORMAT = "dwarf-with-dsym";
				ENABLE_NS_ASSERTIONS = NO;
				ENABLE_STRICT_OBJC_MSGSEND = YES;
				GCC_C_LANGUAGE_STANDARD = gnu11;
				GCC_NO_COMMON_BLOCKS = YES;
				GCC_WARN_64_TO_32_BIT_CONVERSION = YES;
				GCC_WARN_ABOUT_RETURN_TYPE = YES_ERROR;
				GCC_WARN_UNDECLARED_SELECTOR = YES;
				GCC_WARN_UNINITIALIZED_AUTOS = YES_AGGRESSIVE;
				GCC_WARN_UNUSED_FUNCTION = YES;
				GCC_WARN_UNUSED_VARIABLE = YES;
				IPHONEOS_DEPLOYMENT_TARGET = 13.5;
				MTL_ENABLE_DEBUG_INFO = NO;
				MTL_FAST_MATH = YES;
				SDKROOT = iphoneos;
				SWIFT_COMPILATION_MODE = wholemodule;
				SWIFT_OPTIMIZATION_LEVEL = "-O";
				VALIDATE_PRODUCT = YES;
			};
			name = Release;
		};
		66EF3D4F249895A500FAE4D9 /* Debug */ = {
			isa = XCBuildConfiguration;
			baseConfigurationReference = 6DE64F3746B37173663FD408 /* Pods-WeatherApp.debug.xcconfig */;
			buildSettings = {
				ASSETCATALOG_COMPILER_APPICON_NAME = AppIcon;
				CODE_SIGN_STYLE = Automatic;
				DEVELOPMENT_TEAM = MBD2P239Y6;
				INFOPLIST_FILE = WeatherApp/Info.plist;
				LD_RUNPATH_SEARCH_PATHS = (
					"$(inherited)",
					"@executable_path/Frameworks",
				);
				PRODUCT_BUNDLE_IDENTIFIER = vn.phatchiem.WeatherApp;
				PRODUCT_NAME = "$(TARGET_NAME)";
				SWIFT_VERSION = 5.0;
				TARGETED_DEVICE_FAMILY = "1,2";
			};
			name = Debug;
		};
		66EF3D50249895A500FAE4D9 /* Release */ = {
			isa = XCBuildConfiguration;
			baseConfigurationReference = 977326BC0B4162F2241FCDA0 /* Pods-WeatherApp.release.xcconfig */;
			buildSettings = {
				ASSETCATALOG_COMPILER_APPICON_NAME = AppIcon;
				CODE_SIGN_STYLE = Automatic;
				DEVELOPMENT_TEAM = MBD2P239Y6;
				INFOPLIST_FILE = WeatherApp/Info.plist;
				LD_RUNPATH_SEARCH_PATHS = (
					"$(inherited)",
					"@executable_path/Frameworks",
				);
				PRODUCT_BUNDLE_IDENTIFIER = vn.phatchiem.WeatherApp;
				PRODUCT_NAME = "$(TARGET_NAME)";
				SWIFT_VERSION = 5.0;
				TARGETED_DEVICE_FAMILY = "1,2";
			};
			name = Release;
		};
		66EF3D52249895A500FAE4D9 /* Debug */ = {
			isa = XCBuildConfiguration;
			baseConfigurationReference = DC04459A97EC22D615CCC33E /* Pods-WeatherAppTests.debug.xcconfig */;
			buildSettings = {
				ALWAYS_EMBED_SWIFT_STANDARD_LIBRARIES = YES;
				BUNDLE_LOADER = "$(TEST_HOST)";
				CODE_SIGN_STYLE = Automatic;
				DEVELOPMENT_TEAM = MBD2P239Y6;
				INFOPLIST_FILE = WeatherAppTests/Info.plist;
				IPHONEOS_DEPLOYMENT_TARGET = 13.5;
				LD_RUNPATH_SEARCH_PATHS = (
					"$(inherited)",
					"@executable_path/Frameworks",
					"@loader_path/Frameworks",
				);
				PRODUCT_BUNDLE_IDENTIFIER = vn.phatchiem.WeatherAppTests;
				PRODUCT_NAME = "$(TARGET_NAME)";
				SWIFT_VERSION = 5.0;
				TARGETED_DEVICE_FAMILY = "1,2";
				TEST_HOST = "$(BUILT_PRODUCTS_DIR)/WeatherApp.app/WeatherApp";
			};
			name = Debug;
		};
		66EF3D53249895A500FAE4D9 /* Release */ = {
			isa = XCBuildConfiguration;
			baseConfigurationReference = 71FFE96D73E223D9AE8F1F31 /* Pods-WeatherAppTests.release.xcconfig */;
			buildSettings = {
				ALWAYS_EMBED_SWIFT_STANDARD_LIBRARIES = YES;
				BUNDLE_LOADER = "$(TEST_HOST)";
				CODE_SIGN_STYLE = Automatic;
				DEVELOPMENT_TEAM = MBD2P239Y6;
				INFOPLIST_FILE = WeatherAppTests/Info.plist;
				IPHONEOS_DEPLOYMENT_TARGET = 13.5;
				LD_RUNPATH_SEARCH_PATHS = (
					"$(inherited)",
					"@executable_path/Frameworks",
					"@loader_path/Frameworks",
				);
				PRODUCT_BUNDLE_IDENTIFIER = vn.phatchiem.WeatherAppTests;
				PRODUCT_NAME = "$(TARGET_NAME)";
				SWIFT_VERSION = 5.0;
				TARGETED_DEVICE_FAMILY = "1,2";
				TEST_HOST = "$(BUILT_PRODUCTS_DIR)/WeatherApp.app/WeatherApp";
			};
			name = Release;
		};
/* End XCBuildConfiguration section */

/* Begin XCConfigurationList section */
		660BC734249A001200232337 /* Build configuration list for PBXNativeTarget "WeatherAppUITests" */ = {
			isa = XCConfigurationList;
			buildConfigurations = (
				660BC732249A001200232337 /* Debug */,
				660BC733249A001200232337 /* Release */,
			);
			defaultConfigurationIsVisible = 0;
			defaultConfigurationName = Release;
		};
		66EF3D2A249895A100FAE4D9 /* Build configuration list for PBXProject "WeatherApp" */ = {
			isa = XCConfigurationList;
			buildConfigurations = (
				66EF3D4C249895A500FAE4D9 /* Debug */,
				66EF3D4D249895A500FAE4D9 /* Release */,
			);
			defaultConfigurationIsVisible = 0;
			defaultConfigurationName = Release;
		};
		66EF3D4E249895A500FAE4D9 /* Build configuration list for PBXNativeTarget "WeatherApp" */ = {
			isa = XCConfigurationList;
			buildConfigurations = (
				66EF3D4F249895A500FAE4D9 /* Debug */,
				66EF3D50249895A500FAE4D9 /* Release */,
			);
			defaultConfigurationIsVisible = 0;
			defaultConfigurationName = Release;
		};
		66EF3D51249895A500FAE4D9 /* Build configuration list for PBXNativeTarget "WeatherAppTests" */ = {
			isa = XCConfigurationList;
			buildConfigurations = (
				66EF3D52249895A500FAE4D9 /* Debug */,
				66EF3D53249895A500FAE4D9 /* Release */,
			);
			defaultConfigurationIsVisible = 0;
			defaultConfigurationName = Release;
		};
/* End XCConfigurationList section */
	};
	rootObject = 66EF3D27249895A100FAE4D9 /* Project object */;
}
